// !$*UTF8*$!
{ archiveVersion = 1; classes = {}; objectVersion = 46; objects = {
000000000000000000000064 = {isa = PBXFileReference; lastKnownFileType = sourcecode.c.objc; path = "main.m"; sourceTree = "<group>"; };
0000000000000000000000C8 = {isa = PBXBuildFile; fileRef = 000000000000000000000064; };
000000000000000000000065 = {isa = PBXFileReference; lastKnownFileType = sourcecode.c.objc; path = "OMGGenerator.m"; sourceTree = "<group>"; };
0000000000000000000000C9 = {isa = PBXBuildFile; fileRef = 000000000000000000000065; };
000000000000000000000066 = {isa = PBXFileReference; lastKnownFileType = sourcecode.c.h; path = "OMGGenerator.h"; sourceTree = "<group>"; };
000000000000000000000067 = {isa = PBXFileReference; lastKnownFileType = text.plist.xml; path = "Info.plist"; sourceTree = "<group>"; };
000000000000000000000068 = {isa = PBXFileReference; lastKnownFileType = text.plist.xml; path = "Words.plist"; sourceTree = "<group>"; };
0000000000000000000000CC = {isa = PBXBuildFile; fileRef = 000000000000000000000068; };
000000000000000000000069 = {isa = PBXFileReference; lastKnownFileType = file.storyboard; path = "LaunchScreen.storyboard"; sourceTree = "<group>"; };
0000000000000000000000CD = {isa = PBXBuildFile; fileRef = 000000000000000000000069; };
00000000000000000000006A = {isa = PBXFileReference; lastKnownFileType = image.png; path = "Default-568h@2x.png"; sourceTree = "<group>"; };
0000000000000000000000CE = {isa = PBXBuildFile; fileRef = 00000000000000000000006A; };
00000000000000000000006B = {isa = PBXFileReference; lastKnownFileType = image.png; path = "Default-Landscape@2x~ipad.png"; sourceTree = "<group>"; };
0000000000000000000000CF = {isa = PBXBuildFile; fileRef = 00000000000000000000006B; };
00000000000000000000006C = {isa = PBXFileReference; lastKnownFileType = image.png; path = "Default-Landscape~ipad.png"; sourceTree = "<group>"; };
0000000000000000000000D0 = {isa = PBXBuildFile; fileRef = 00000000000000000000006C; };
00000000000000000000006D = {isa = PBXFileReference; lastKnownFileType = image.png; path = "Default.png"; sourceTree = "<group>"; };
0000000000000000000000D1 = {isa = PBXBuildFile; fileRef = 00000000000000000000006D; };
00000000000000000000006E = {isa = PBXFileReference; lastKnownFileType = image.png; path = "Default@2x.png"; sourceTree = "<group>"; };
0000000000000000000000D2 = {isa = PBXBuildFile; fileRef = 00000000000000000000006E; };
00000000000000000000006F = {isa = PBXFileReference; lastKnownFileType = image.png; path = "Icon-60@2x.png"; sourceTree = "<group>"; };
0000000000000000000000D3 = {isa = PBXBuildFile; fileRef = 00000000000000000000006F; };
000000000000000000000070 = {isa = PBXFileReference; lastKnownFileType = image.png; path = "Icon-60@3x.png"; sourceTree = "<group>"; };
0000000000000000000000D4 = {isa = PBXBuildFile; fileRef = 000000000000000000000070; };
000000000000000000000071 = {isa = PBXFileReference; lastKnownFileType = image.png; path = "Icon-72.png"; sourceTree = "<group>"; };
0000000000000000000000D5 = {isa = PBXBuildFile; fileRef = 000000000000000000000071; };
000000000000000000000072 = {isa = PBXFileReference; lastKnownFileType = image.png; path = "Icon-72@2x.png"; sourceTree = "<group>"; };
0000000000000000000000D6 = {isa = PBXBuildFile; fileRef = 000000000000000000000072; };
000000000000000000000073 = {isa = PBXFileReference; lastKnownFileType = image.png; path = "Icon-76.png"; sourceTree = "<group>"; };
0000000000000000000000D7 = {isa = PBXBuildFile; fileRef = 000000000000000000000073; };
000000000000000000000074 = {isa = PBXFileReference; lastKnownFileType = image.png; path = "Icon-76@2x.png"; sourceTree = "<group>"; };
0000000000000000000000D8 = {isa = PBXBuildFile; fileRef = 000000000000000000000074; };
000000000000000000000075 = {isa = PBXFileReference; lastKnownFileType = image.png; path = "Icon-83.5@2x.png"; sourceTree = "<group>"; };
0000000000000000000000D9 = {isa = PBXBuildFile; fileRef = 000000000000000000000075; };
000000000000000000000076 = {isa = PBXFileReference; lastKnownFileType = image.png; path = "Icon.png"; sourceTree = "<group>"; };
0000000000000000000000DA = {isa = PBXBuildFile; fileRef = 000000000000000000000076; };
000000000000000000000077 = {isa = PBXFileReference; lastKnownFileType = image.png; path = "Icon@2x.png"; sourceTree = "<group>"; };
0000000000000000000000DB = {isa = PBXBuildFile; fileRef = 000000000000000000000077; };
000000000000000000000190 = {isa = PBXFileReference; lastKnownFileType = wrapper.framework; name = UIKit.framework; path = System/Library/Frameworks/UIKit.framework; sourceTree = SDKROOT; };
0000000000000000000001F4 = {isa = PBXBuildFile; fileRef = 000000000000000000000190; };
000000000000000000000191 = {isa = PBXFileReference; lastKnownFileType = wrapper.framework; name = Foundation.framework; path = System/Library/Frameworks/Foundation.framework; sourceTree = SDKROOT; };
0000000000000000000001F5 = {isa = PBXBuildFile; fileRef = 000000000000000000000191; };
000000000000000000000001 = {isa = PBXProject; buildConfigurationList = 00000000000000000000000A; compatibilityVersion = "Xcode 3.2"; developmentRegion = en; knownRegions = (en, Base, zh_CN); mainGroup = 000000000000000000000002; productRefGroup = 000000000000000000000004; projectDirPath = ""; projectRoot = ""; targets = (000000000000000000000005); };
000000000000000000000002 = {isa = PBXGroup; children = (000000000000000000000003,000000000000000000000004,000000000000000000000190,000000000000000000000191); sourceTree = "<group>"; };
000000000000000000000003 = {isa = PBXGroup; children = (000000000000000000000064,000000000000000000000065,000000000000000000000066,000000000000000000000067,000000000000000000000068,000000000000000000000069,00000000000000000000006A,00000000000000000000006B,00000000000000000000006C,00000000000000000000006D,00000000000000000000006E,00000000000000000000006F,000000000000000000000070,000000000000000000000071,000000000000000000000072,000000000000000000000073,000000000000000000000074,000000000000000000000075,000000000000000000000076,000000000000000000000077); path = LegacyApp; sourceTree = "<group>"; };
000000000000000000000004 = {isa = PBXGroup; children = (000000000000000000000006); name = Products; sourceTree = "<group>"; };
000000000000000000000006 = {isa = PBXFileReference; explicitFileType = wrapper.application; path = "OriginalMotivationGeneratorLegacy.app"; sourceTree = BUILT_PRODUCTS_DIR; };
000000000000000000000005 = {isa = PBXNativeTarget; buildConfigurationList = 00000000000000000000000B; buildPhases = (000000000000000000000007,000000000000000000000008,000000000000000000000009); buildRules = (); dependencies = (); name = OriginalMotivationGeneratorLegacy; productName = OriginalMotivationGeneratorLegacy; productReference = 000000000000000000000006; productType = "com.apple.product-type.application"; };
000000000000000000000007 = {isa = PBXSourcesBuildPhase; buildActionMask = 2147483647; files = (0000000000000000000000C8,0000000000000000000000C9); runOnlyForDeploymentPostprocessing = 0; };
000000000000000000000008 = {isa = PBXFrameworksBuildPhase; buildActionMask = 2147483647; files = (0000000000000000000001F4,0000000000000000000001F5); runOnlyForDeploymentPostprocessing = 0; };
000000000000000000000009 = {isa = PBXResourcesBuildPhase; buildActionMask = 2147483647; files = (0000000000000000000000CC,0000000000000000000000CD,0000000000000000000000CE,0000000000000000000000CF,0000000000000000000000D0,0000000000000000000000D1,0000000000000000000000D2,0000000000000000000000D3,0000000000000000000000D4,0000000000000000000000D5,0000000000000000000000D6,0000000000000000000000D7,0000000000000000000000D8,0000000000000000000000D9,0000000000000000000000DA,0000000000000000000000DB); runOnlyForDeploymentPostprocessing = 0; };
000000000000000000000014 = {isa = XCBuildConfiguration; buildSettings = {SDKROOT = iphoneos; IPHONEOS_DEPLOYMENT_TARGET = 6.0; CLANG_ENABLE_OBJC_ARC = YES; GCC_C_LANGUAGE_STANDARD = gnu99; ARCHS = "armv7 arm64"; "ARCHS[sdk=iphonesimulator*]" = "$(ARCHS_STANDARD)"; ONLY_ACTIVE_ARCH = NO; ENABLE_BITCODE = NO; CLANG_WARN_OBJC_IMPLICIT_RETAIN_SELF = YES; GCC_OPTIMIZATION_LEVEL = 0; GCC_PREPROCESSOR_DEFINITIONS = ("DEBUG=1", "$(inherited)");}; name = Debug; };
000000000000000000000015 = {isa = XCBuildConfiguration; buildSettings = {SDKROOT = iphoneos; IPHONEOS_DEPLOYMENT_TARGET = 6.0; CLANG_ENABLE_OBJC_ARC = YES; GCC_C_LANGUAGE_STANDARD = gnu99; ARCHS = "armv7 arm64"; "ARCHS[sdk=iphonesimulator*]" = "$(ARCHS_STANDARD)"; ONLY_ACTIVE_ARCH = NO; ENABLE_BITCODE = NO; CLANG_WARN_OBJC_IMPLICIT_RETAIN_SELF = YES; GCC_OPTIMIZATION_LEVEL = s;}; name = Release; };
000000000000000000000016 = {isa = XCBuildConfiguration; buildSettings = {INFOPLIST_FILE = LegacyApp/Info.plist; PRODUCT_BUNDLE_IDENTIFIER = "com.kurio.original-motivation-generator"; PRODUCT_NAME = "$(TARGET_NAME)"; TARGETED_DEVICE_FAMILY = "1,2"; CODE_SIGN_IDENTITY = "iPhone Developer";}; name = Debug; };
000000000000000000000017 = {isa = XCBuildConfiguration; buildSettings = {INFOPLIST_FILE = LegacyApp/Info.plist; PRODUCT_BUNDLE_IDENTIFIER = "com.kurio.original-motivation-generator"; PRODUCT_NAME = "$(TARGET_NAME)"; TARGETED_DEVICE_FAMILY = "1,2"; CODE_SIGN_IDENTITY = "iPhone Developer";}; name = Release; };
00000000000000000000000A = {isa = XCConfigurationList; buildConfigurations = (000000000000000000000014,000000000000000000000015); defaultConfigurationIsVisible = 0; defaultConfigurationName = Release; };
00000000000000000000000B = {isa = XCConfigurationList; buildConfigurations = (000000000000000000000016,000000000000000000000017); defaultConfigurationIsVisible = 0; defaultConfigurationName = Release; };
}; rootObject = 000000000000000000000001; }
