// !$*UTF8*$!
{
	archiveVersion = 1;
	classes = {
	};
	objectVersion = 56;
	objects = {

/* Begin PBXBuildFile section */
        A00000000000000000000032 /* Localization.swift in Sources */ = {isa = PBXBuildFile; fileRef = B00000000000000000000032; };
        A00000000000000000000033 /* Localizable.strings in Resources */ = {isa = PBXBuildFile; fileRef = C00000000000000000000033; };
        A00000000000000000000034 /* InfoPlist.strings in Resources */ = {isa = PBXBuildFile; fileRef = C00000000000000000000034; };
        A00000000000000000000035 /* Lexicon.strings in Resources */ = {isa = PBXBuildFile; fileRef = C00000000000000000000035; };
		A00000000000000000000001 /* ContentView.swift in Sources */ = {isa = PBXBuildFile; fileRef = B00000000000000000000001 /* ContentView.swift */; };
		A00000000000000000000002 /* KurioPhraseGenerator.swift in Sources */ = {isa = PBXBuildFile; fileRef = B00000000000000000000002 /* KurioPhraseGenerator.swift */; };
		A00000000000000000000003 /* OriginalMotivationGeneratorApp.swift in Sources */ = {isa = PBXBuildFile; fileRef = B00000000000000000000003 /* OriginalMotivationGeneratorApp.swift */; };
		A00000000000000000000004 /* Assets.xcassets in Resources */ = {isa = PBXBuildFile; fileRef = B00000000000000000000005 /* Assets.xcassets */; };
		A00000000000000000000008 /* SettingsView.swift in Sources */ = {isa = PBXBuildFile; fileRef = B00000000000000000000008 /* SettingsView.swift */; };
		A00000000000000000000009 /* ThreeFingerSwipe.swift in Sources */ = {isa = PBXBuildFile; fileRef = B00000000000000000000009 /* ThreeFingerSwipe.swift */; };
		A00000000000000000000010 /* Clock25.swift in Sources */ = {isa = PBXBuildFile; fileRef = B00000000000000000000010 /* Clock25.swift */; };
		A00000000000000000000011 /* ClockView.swift in Sources */ = {isa = PBXBuildFile; fileRef = B00000000000000000000011 /* ClockView.swift */; };
		A00000000000000000000012 /* ClockSettingsView.swift in Sources */ = {isa = PBXBuildFile; fileRef = B00000000000000000000012 /* ClockSettingsView.swift */; };
		A00000000000000000000013 /* ArtPage.swift in Sources */ = {isa = PBXBuildFile; fileRef = B00000000000000000000013 /* ArtPage.swift */; };
		A00000000000000000000014 /* OncePressStore.swift in Sources */ = {isa = PBXBuildFile; fileRef = B00000000000000000000014 /* OncePressStore.swift */; };
		A00000000000000000000015 /* OncePressView.swift in Sources */ = {isa = PBXBuildFile; fileRef = B00000000000000000000015 /* OncePressView.swift */; };
		A00000000000000000000016 /* ApplicationView.swift in Sources */ = {isa = PBXBuildFile; fileRef = B00000000000000000000016 /* ApplicationView.swift */; };
		A00000000000000000000018 /* AppSoundPlayer.swift in Sources */ = {isa = PBXBuildFile; fileRef = B00000000000000000000018 /* AppSoundPlayer.swift */; };
		A00000000000000000000019 /* page.mp3 in Resources */ = {isa = PBXBuildFile; fileRef = B00000000000000000000019 /* page.mp3 */; };
		A00000000000000000000020 /* click.wav in Resources */ = {isa = PBXBuildFile; fileRef = B00000000000000000000020 /* click.wav */; };
		A00000000000000000000021 /* send.wav in Resources */ = {isa = PBXBuildFile; fileRef = B00000000000000000000021 /* send.wav */; };
		A00000000000000000000022 /* tick.wav in Resources */ = {isa = PBXBuildFile; fileRef = B00000000000000000000022 /* tick.wav */; };
        A00000000000000000000023 /* DeathClock.swift in Sources */ = {isa = PBXBuildFile; fileRef = B00000000000000000000023; };
        A00000000000000000000024 /* DeathClockView.swift in Sources */ = {isa = PBXBuildFile; fileRef = B00000000000000000000024; };
        A00000000000000000000025 = {isa = PBXBuildFile; fileRef = B00000000000000000000025; };
        A00000000000000000000026 = {isa = PBXBuildFile; fileRef = B00000000000000000000026; };
        A00000000000000000000027 = {isa = PBXBuildFile; fileRef = B00000000000000000000027; };
        A00000000000000000000028 = {isa = PBXBuildFile; fileRef = B00000000000000000000028; };
        A00000000000000000000029 /* DormancyViews.swift in Sources */ = {isa = PBXBuildFile; fileRef = B00000000000000000000029; };
        A00000000000000000000030 /* BreathHaptics.swift in Sources */ = {isa = PBXBuildFile; fileRef = B00000000000000000000030; };
        A00000000000000000000031 /* GardenEcology.swift in Sources */ = {isa = PBXBuildFile; fileRef = B00000000000000000000031; };
/* End PBXBuildFile section */

/* Begin PBXFileReference section */
        B00000000000000000000032 = {isa = PBXFileReference; lastKnownFileType = sourcecode.swift; path = Localization.swift; sourceTree = "<group>"; };
        B00000000000000000000040 = {isa = PBXFileReference; lastKnownFileType = text.plist.strings; name = en; path = en.lproj/Localizable.strings; sourceTree = "<group>"; };
        B00000000000000000000041 = {isa = PBXFileReference; lastKnownFileType = text.plist.strings; name = ja; path = ja.lproj/Localizable.strings; sourceTree = "<group>"; };
        B00000000000000000000042 = {isa = PBXFileReference; lastKnownFileType = text.plist.strings; name = "zh-Hans"; path = "zh-Hans.lproj/Localizable.strings"; sourceTree = "<group>"; };
        B00000000000000000000043 = {isa = PBXFileReference; lastKnownFileType = text.plist.strings; name = en; path = en.lproj/InfoPlist.strings; sourceTree = "<group>"; };
        B00000000000000000000044 = {isa = PBXFileReference; lastKnownFileType = text.plist.strings; name = ja; path = ja.lproj/InfoPlist.strings; sourceTree = "<group>"; };
        B00000000000000000000045 = {isa = PBXFileReference; lastKnownFileType = text.plist.strings; name = "zh-Hans"; path = "zh-Hans.lproj/InfoPlist.strings"; sourceTree = "<group>"; };
        B00000000000000000000046 = {isa = PBXFileReference; lastKnownFileType = text.plist.strings; name = en; path = en.lproj/Lexicon.strings; sourceTree = "<group>"; };
        B00000000000000000000047 = {isa = PBXFileReference; lastKnownFileType = text.plist.strings; name = ja; path = ja.lproj/Lexicon.strings; sourceTree = "<group>"; };
        B00000000000000000000048 = {isa = PBXFileReference; lastKnownFileType = text.plist.strings; name = "zh-Hans"; path = "zh-Hans.lproj/Lexicon.strings"; sourceTree = "<group>"; };
		B00000000000000000000001 /* ContentView.swift */ = {isa = PBXFileReference; lastKnownFileType = sourcecode.swift; path = ContentView.swift; sourceTree = "<group>"; };
		B00000000000000000000002 /* KurioPhraseGenerator.swift */ = {isa = PBXFileReference; lastKnownFileType = sourcecode.swift; path = KurioPhraseGenerator.swift; sourceTree = "<group>"; };
		B00000000000000000000003 /* OriginalMotivationGeneratorApp.swift */ = {isa = PBXFileReference; lastKnownFileType = sourcecode.swift; path = OriginalMotivationGeneratorApp.swift; sourceTree = "<group>"; };
		B00000000000000000000004 /* Info.plist */ = {isa = PBXFileReference; lastKnownFileType = text.plist.xml; path = Info.plist; sourceTree = "<group>"; };
		B00000000000000000000005 /* Assets.xcassets */ = {isa = PBXFileReference; lastKnownFileType = folder.assetcatalog; path = Assets.xcassets; sourceTree = "<group>"; };
		B00000000000000000000006 /* IconSource.svg */ = {isa = PBXFileReference; lastKnownFileType = image.svg; path = IconSource.svg; sourceTree = "<group>"; };
		B00000000000000000000007 /* 墨尔本草稿.app */ = {isa = PBXFileReference; explicitFileType = wrapper.application; includeInIndex = 0; path = "墨尔本草稿.app"; sourceTree = BUILT_PRODUCTS_DIR; };
		B00000000000000000000008 /* SettingsView.swift */ = {isa = PBXFileReference; lastKnownFileType = sourcecode.swift; path = SettingsView.swift; sourceTree = "<group>"; };
		B00000000000000000000009 /* ThreeFingerSwipe.swift */ = {isa = PBXFileReference; lastKnownFileType = sourcecode.swift; path = ThreeFingerSwipe.swift; sourceTree = "<group>"; };
		B00000000000000000000010 /* Clock25.swift */ = {isa = PBXFileReference; lastKnownFileType = sourcecode.swift; path = Clock25.swift; sourceTree = "<group>"; };
		B00000000000000000000011 /* ClockView.swift */ = {isa = PBXFileReference; lastKnownFileType = sourcecode.swift; path = ClockView.swift; sourceTree = "<group>"; };
		B00000000000000000000012 /* ClockSettingsView.swift */ = {isa = PBXFileReference; lastKnownFileType = sourcecode.swift; path = ClockSettingsView.swift; sourceTree = "<group>"; };
		B00000000000000000000013 /* ArtPage.swift */ = {isa = PBXFileReference; lastKnownFileType = sourcecode.swift; path = ArtPage.swift; sourceTree = "<group>"; };
		B00000000000000000000014 /* OncePressStore.swift */ = {isa = PBXFileReference; lastKnownFileType = sourcecode.swift; path = OncePressStore.swift; sourceTree = "<group>"; };
		B00000000000000000000015 /* OncePressView.swift */ = {isa = PBXFileReference; lastKnownFileType = sourcecode.swift; path = OncePressView.swift; sourceTree = "<group>"; };
		B00000000000000000000016 /* ApplicationView.swift */ = {isa = PBXFileReference; lastKnownFileType = sourcecode.swift; path = ApplicationView.swift; sourceTree = "<group>"; };
		B00000000000000000000018 /* AppSoundPlayer.swift */ = {isa = PBXFileReference; lastKnownFileType = sourcecode.swift; path = AppSoundPlayer.swift; sourceTree = "<group>"; };
		B00000000000000000000019 /* page.mp3 */ = {isa = PBXFileReference; lastKnownFileType = audio.mp3; path = Sounds/page.mp3; sourceTree = "<group>"; };
		B00000000000000000000020 /* click.wav */ = {isa = PBXFileReference; lastKnownFileType = audio.wav; path = Sounds/click.wav; sourceTree = "<group>"; };
		B00000000000000000000021 /* send.wav */ = {isa = PBXFileReference; lastKnownFileType = audio.wav; path = Sounds/send.wav; sourceTree = "<group>"; };
		B00000000000000000000022 /* tick.wav */ = {isa = PBXFileReference; lastKnownFileType = audio.wav; path = Sounds/tick.wav; sourceTree = "<group>"; };
        B00000000000000000000023 /* DeathClock.swift */ = {isa = PBXFileReference; lastKnownFileType = sourcecode.swift; path = DeathClock.swift; sourceTree = "<group>"; };
        B00000000000000000000024 /* DeathClockView.swift */ = {isa = PBXFileReference; lastKnownFileType = sourcecode.swift; path = DeathClockView.swift; sourceTree = "<group>"; };
        B00000000000000000000025 = {isa = PBXFileReference; lastKnownFileType = sourcecode.swift; path = InteractiveArtModels.swift; sourceTree = "<group>"; };
        B00000000000000000000026 = {isa = PBXFileReference; lastKnownFileType = sourcecode.swift; path = SingleTouchSurface.swift; sourceTree = "<group>"; };
        B00000000000000000000027 = {isa = PBXFileReference; lastKnownFileType = sourcecode.swift; path = BodyArtViews.swift; sourceTree = "<group>"; };
        B00000000000000000000028 = {isa = PBXFileReference; lastKnownFileType = sourcecode.swift; path = UnrecordedCamera.swift; sourceTree = "<group>"; };
        B00000000000000000000029 /* DormancyViews.swift */ = {isa = PBXFileReference; lastKnownFileType = sourcecode.swift; path = DormancyViews.swift; sourceTree = "<group>"; };
        B00000000000000000000030 /* BreathHaptics.swift */ = {isa = PBXFileReference; lastKnownFileType = sourcecode.swift; path = BreathHaptics.swift; sourceTree = "<group>"; };
        B00000000000000000000031 /* GardenEcology.swift */ = {isa = PBXFileReference; lastKnownFileType = sourcecode.swift; path = GardenEcology.swift; sourceTree = "<group>"; };
/* End PBXFileReference section */

/* Begin PBXFrameworksBuildPhase section */
		D00000000000000000000001 /* Frameworks */ = {
			isa = PBXFrameworksBuildPhase;
			buildActionMask = 2147483647;
			files = (
			);
			runOnlyForDeploymentPostprocessing = 0;
		};
/* End PBXFrameworksBuildPhase section */

/* Begin PBXGroup section */
		C00000000000000000000001 = {
			isa = PBXGroup;
			children = (
				C00000000000000000000002 /* App */,
				C00000000000000000000003 /* Products */,
			);
			sourceTree = "<group>";
		};
		C00000000000000000000002 /* App */ = {
			isa = PBXGroup;
			children = (
				B00000000000000000000003 /* OriginalMotivationGeneratorApp.swift */,
				B00000000000000000000001 /* ContentView.swift */,
                B00000000000000000000025,
                B00000000000000000000026,
                B00000000000000000000027,
                B00000000000000000000028,
                B00000000000000000000029 /* DormancyViews.swift */,
                B00000000000000000000030 /* BreathHaptics.swift */,
                B00000000000000000000031 /* GardenEcology.swift */,
                B00000000000000000000032 /* Localization.swift */,
                C00000000000000000000033 /* Localizable.strings */,
                C00000000000000000000034 /* InfoPlist.strings */,
                C00000000000000000000035 /* Lexicon.strings */,
                B00000000000000000000023 /* DeathClock.swift */,
                B00000000000000000000024 /* DeathClockView.swift */,
				B00000000000000000000022 /* tick.wav */,
				B00000000000000000000021 /* send.wav */,
				B00000000000000000000020 /* click.wav */,
				B00000000000000000000019 /* page.mp3 */,
				B00000000000000000000018 /* AppSoundPlayer.swift */,
				B00000000000000000000016 /* ApplicationView.swift */,
				B00000000000000000000015 /* OncePressView.swift */,
				B00000000000000000000014 /* OncePressStore.swift */,
				B00000000000000000000013 /* ArtPage.swift */,
				B00000000000000000000012 /* ClockSettingsView.swift */,
				B00000000000000000000011 /* ClockView.swift */,
				B00000000000000000000010 /* Clock25.swift */,
				B00000000000000000000009 /* ThreeFingerSwipe.swift */,
				B00000000000000000000008 /* SettingsView.swift */,
				B00000000000000000000002 /* KurioPhraseGenerator.swift */,
				B00000000000000000000005 /* Assets.xcassets */,
				B00000000000000000000006 /* IconSource.svg */,
				B00000000000000000000004 /* Info.plist */,
			);
			path = App;
			sourceTree = "<group>";
		};
		C00000000000000000000003 /* Products */ = {
			isa = PBXGroup;
			children = (
				B00000000000000000000007 /* 墨尔本草稿.app */,
			);
			name = Products;
			sourceTree = "<group>";
		};
/* End PBXGroup section */

/* Begin PBXNativeTarget section */
		E00000000000000000000001 /* 墨尔本草稿 */ = {
			isa = PBXNativeTarget;
			buildConfigurationList = H00000000000000000000002 /* Build configuration list for PBXNativeTarget "墨尔本草稿" */;
			buildPhases = (
				D00000000000000000000002 /* Sources */,
				D00000000000000000000001 /* Frameworks */,
				D00000000000000000000003 /* Resources */,
			);
			buildRules = (
			);
			dependencies = (
			);
			name = "墨尔本草稿";
			productName = OriginalMotivationGenerator;
			productReference = B00000000000000000000007 /* 墨尔本草稿.app */;
			productType = "com.apple.product-type.application";
		};
/* End PBXNativeTarget section */

/* Begin PBXVariantGroup section */
        C00000000000000000000033 = {isa = PBXVariantGroup; children = (B00000000000000000000040, B00000000000000000000041, B00000000000000000000042); name = Localizable.strings; sourceTree = "<group>"; };
        C00000000000000000000034 = {isa = PBXVariantGroup; children = (B00000000000000000000043, B00000000000000000000044, B00000000000000000000045); name = InfoPlist.strings; sourceTree = "<group>"; };
        C00000000000000000000035 = {isa = PBXVariantGroup; children = (B00000000000000000000046, B00000000000000000000047, B00000000000000000000048); name = Lexicon.strings; sourceTree = "<group>"; };
/* End PBXVariantGroup section */

/* Begin PBXProject section */
		F00000000000000000000001 /* Project object */ = {
			isa = PBXProject;
			attributes = {
				BuildIndependentTargetsInParallel = 1;
				LastSwiftUpdateCheck = 1620;
				LastUpgradeCheck = 1620;
				TargetAttributes = {
					E00000000000000000000001 = {
						CreatedOnToolsVersion = 16.2;
					};
				};
			};
			buildConfigurationList = H00000000000000000000001 /* Build configuration list for PBXProject "OriginalMotivationGenerator" */;
			compatibilityVersion = "Xcode 14.0";
			developmentRegion = en;
			hasScannedForEncodings = 0;
			knownRegions = (
				en,
				Base,
				"zh-Hans",
				ja,
			);
			mainGroup = C00000000000000000000001;
			productRefGroup = C00000000000000000000003 /* Products */;
			projectDirPath = "";
			projectRoot = "";
			targets = (
				E00000000000000000000001 /* 墨尔本草稿 */,
			);
		};
/* End PBXProject section */

/* Begin PBXResourcesBuildPhase section */
		D00000000000000000000003 /* Resources */ = {
			isa = PBXResourcesBuildPhase;
			buildActionMask = 2147483647;
			files = (
                A00000000000000000000033,
                A00000000000000000000034,
                A00000000000000000000035,
				A00000000000000000000004 /* Assets.xcassets in Resources */,
				A00000000000000000000022 /* tick.wav in Resources */,
				A00000000000000000000021 /* send.wav in Resources */,
				A00000000000000000000020 /* click.wav in Resources */,
				A00000000000000000000019 /* page.mp3 in Resources */,
			);
			runOnlyForDeploymentPostprocessing = 0;
		};
/* End PBXResourcesBuildPhase section */

/* Begin PBXSourcesBuildPhase section */
		D00000000000000000000002 /* Sources */ = {
			isa = PBXSourcesBuildPhase;
			buildActionMask = 2147483647;
			files = (
				A00000000000000000000003 /* OriginalMotivationGeneratorApp.swift in Sources */,
				A00000000000000000000001 /* ContentView.swift in Sources */,
                A00000000000000000000025,
                A00000000000000000000026,
                A00000000000000000000027,
                A00000000000000000000028,
                A00000000000000000000029 /* DormancyViews.swift in Sources */,
                A00000000000000000000030 /* BreathHaptics.swift in Sources */,
                A00000000000000000000031 /* GardenEcology.swift in Sources */,
                A00000000000000000000032 /* Localization.swift in Sources */,
                A00000000000000000000023 /* DeathClock.swift in Sources */,
                A00000000000000000000024 /* DeathClockView.swift in Sources */,
				A00000000000000000000018 /* AppSoundPlayer.swift in Sources */,
				A00000000000000000000016 /* ApplicationView.swift in Sources */,
				A00000000000000000000015 /* OncePressView.swift in Sources */,
				A00000000000000000000014 /* OncePressStore.swift in Sources */,
				A00000000000000000000013 /* ArtPage.swift in Sources */,
				A00000000000000000000012 /* ClockSettingsView.swift in Sources */,
				A00000000000000000000011 /* ClockView.swift in Sources */,
				A00000000000000000000010 /* Clock25.swift in Sources */,
				A00000000000000000000009 /* ThreeFingerSwipe.swift in Sources */,
				A00000000000000000000008 /* SettingsView.swift in Sources */,
				A00000000000000000000002 /* KurioPhraseGenerator.swift in Sources */,
			);
			runOnlyForDeploymentPostprocessing = 0;
		};
/* End PBXSourcesBuildPhase section */

/* Begin XCBuildConfiguration section */
		G00000000000000000000001 /* Debug */ = {
			isa = XCBuildConfiguration;
			buildSettings = {
				ALWAYS_SEARCH_USER_PATHS = NO;
				CLANG_ENABLE_MODULES = YES;
				COPY_PHASE_STRIP = NO;
				DEBUG_INFORMATION_FORMAT = dwarf;
				ENABLE_TESTABILITY = YES;
				GCC_C_LANGUAGE_STANDARD = gnu17;
				GCC_OPTIMIZATION_LEVEL = 0;
				IPHONEOS_DEPLOYMENT_TARGET = 15.0;
				ONLY_ACTIVE_ARCH = YES;
				SDKROOT = iphoneos;
				SWIFT_ACTIVE_COMPILATION_CONDITIONS = "DEBUG $(inherited)";
				SWIFT_OPTIMIZATION_LEVEL = "-Onone";
			};
			name = Debug;
		};
		G00000000000000000000002 /* Release */ = {
			isa = XCBuildConfiguration;
			buildSettings = {
				ALWAYS_SEARCH_USER_PATHS = NO;
				CLANG_ENABLE_MODULES = YES;
				COPY_PHASE_STRIP = NO;
				DEBUG_INFORMATION_FORMAT = "dwarf-with-dsym";
				ENABLE_NS_ASSERTIONS = NO;
				GCC_C_LANGUAGE_STANDARD = gnu17;
				IPHONEOS_DEPLOYMENT_TARGET = 15.0;
				SDKROOT = iphoneos;
				SWIFT_COMPILATION_MODE = wholemodule;
				VALIDATE_PRODUCT = YES;
			};
			name = Release;
		};
		G00000000000000000000003 /* Debug */ = {
			isa = XCBuildConfiguration;
			buildSettings = {
				ASSETCATALOG_COMPILER_APPICON_NAME = AppIcon;
				CODE_SIGN_STYLE = Automatic;
				CURRENT_PROJECT_VERSION = 1;
				DEVELOPMENT_TEAM = 89M33WN9W7;
				GENERATE_INFOPLIST_FILE = NO;
				INFOPLIST_FILE = App/Info.plist;
				LD_RUNPATH_SEARCH_PATHS = (
					"$(inherited)",
					"@executable_path/Frameworks",
				);
				MARKETING_VERSION = 1.0.0;
				PRODUCT_BUNDLE_IDENTIFIER = "com.kurio.original-motivation-generator";
				PRODUCT_NAME = "墨尔本草稿";
				SUPPORTED_PLATFORMS = "iphoneos iphonesimulator";
				SWIFT_EMIT_LOC_STRINGS = YES;
				SWIFT_VERSION = 5.0;
				TARGETED_DEVICE_FAMILY = "1,2";
			};
			name = Debug;
		};
		G00000000000000000000004 /* Release */ = {
			isa = XCBuildConfiguration;
			buildSettings = {
				ASSETCATALOG_COMPILER_APPICON_NAME = AppIcon;
				CODE_SIGN_STYLE = Automatic;
				CURRENT_PROJECT_VERSION = 1;
				DEVELOPMENT_TEAM = 89M33WN9W7;
				GENERATE_INFOPLIST_FILE = NO;
				INFOPLIST_FILE = App/Info.plist;
				LD_RUNPATH_SEARCH_PATHS = (
					"$(inherited)",
					"@executable_path/Frameworks",
				);
				MARKETING_VERSION = 1.0.0;
				PRODUCT_BUNDLE_IDENTIFIER = "com.kurio.original-motivation-generator";
				PRODUCT_NAME = "墨尔本草稿";
				SUPPORTED_PLATFORMS = "iphoneos iphonesimulator";
				SWIFT_EMIT_LOC_STRINGS = YES;
				SWIFT_VERSION = 5.0;
				TARGETED_DEVICE_FAMILY = "1,2";
			};
			name = Release;
		};
/* End XCBuildConfiguration section */

/* Begin XCConfigurationList section */
		H00000000000000000000001 /* Build configuration list for PBXProject "OriginalMotivationGenerator" */ = {
			isa = XCConfigurationList;
			buildConfigurations = (
				G00000000000000000000001 /* Debug */,
				G00000000000000000000002 /* Release */,
			);
			defaultConfigurationIsVisible = 0;
			defaultConfigurationName = Release;
		};
		H00000000000000000000002 /* Build configuration list for PBXNativeTarget "墨尔本草稿" */ = {
			isa = XCConfigurationList;
			buildConfigurations = (
				G00000000000000000000003 /* Debug */,
				G00000000000000000000004 /* Release */,
			);
			defaultConfigurationIsVisible = 0;
			defaultConfigurationName = Release;
		};
/* End XCConfigurationList section */
	};
	rootObject = F00000000000000000000001 /* Project object */;
}
